
Microsoft Visual Studio Solution File, Format Version 12.00
# Visual Studio Version 17
VisualStudioVersion = 17.1.32421.90
MinimumVisualStudioVersion = 10.0.40219.1
Project("{9A19103F-16F7-4668-BE54-9A1E7A4F7556}") = "Klinger.ExtensionsTools", "src\Klinger.ExtensionsTools\Klinger.ExtensionsTools.csproj", "{34C22DCC-CBBD-49CF-80F2-7FA9AD27A133}"
EndProject
Project("{FAE04EC0-301F-11D3-BF4B-00C04F79EFBC}") = "Klinger.ExtensionsTollsTest", "test\Klinger.ExtensionsTollsTest\Klinger.ExtensionsTollsTest.csproj", "{08623DD0-A3BB-42C1-A088-F99AFFE2CC33}"
EndProject
Global
	GlobalSection(SolutionConfigurationPlatforms) = preSolution
		Debug|Any CPU = Debug|Any CPU
		Release|Any CPU = Release|Any CPU
	EndGlobalSection
	GlobalSection(ProjectConfigurationPlatforms) = postSolution
		{34C22DCC-CBBD-49CF-80F2-7FA9AD27A133}.Debug|Any CPU.ActiveCfg = Debug|Any CPU
		{34C22DCC-CBBD-49CF-80F2-7FA9AD27A133}.Debug|Any CPU.Build.0 = Debug|Any CPU
		{34C22DCC-CBBD-49CF-80F2-7FA9AD27A133}.Release|Any CPU.ActiveCfg = Release|Any CPU
		{34C22DCC-CBBD-49CF-80F2-7FA9AD27A133}.Release|Any CPU.Build.0 = Release|Any CPU
		{08623DD0-A3BB-42C1-A088-F99AFFE2CC33}.Debug|Any CPU.ActiveCfg = Debug|Any CPU
		{08623DD0-A3BB-42C1-A088-F99AFFE2CC33}.Debug|Any CPU.Build.0 = Debug|Any CPU
		{08623DD0-A3BB-42C1-A088-F99AFFE2CC33}.Release|Any CPU.ActiveCfg = Release|Any CPU
		{08623DD0-A3BB-42C1-A088-F99AFFE2CC33}.Release|Any CPU.Build.0 = Release|Any CPU
	EndGlobalSection
	GlobalSection(SolutionProperties) = preSolution
		HideSolutionNode = FALSE
	EndGlobalSection
	GlobalSection(ExtensibilityGlobals) = postSolution
		SolutionGuid = {C44476F0-C060-4DD5-AFCF-0678C274E173}
	EndGlobalSection
EndGlobal
